<?xml version="1.0" encoding="utf-8"?>
<Project ToolsVersion="4.0" xmlns="http://schemas.microsoft.com/developer/msbuild/2003">
  <ItemGroup>
    <Filter Include="Source Files">
      <UniqueIdentifier>{4FC737F1-C7A5-4376-A066-2A32D752A2FF}</UniqueIdentifier>
      <Extensions>cpp;c;cxx;cc;s;asm</Extensions>
    </Filter>
    <Filter Include="Header Files">
      <UniqueIdentifier>{93995380-89BD-4b04-88EB-625FBE52EBFB}</UniqueIdentifier>
      <Extensions>h;hpp</Extensions>
    </Filter>
    <Filter Include="Source Files\Platform">
      <UniqueIdentifier>{c4200c87-928e-4d32-b1d1-4c753ce73a7f}</UniqueIdentifier>
    </Filter>
    <Filter Include="Source Files\Renderer">
      <UniqueIdentifier>{e8851753-b55e-4e0b-ac4d-1f93d54a3dc8}</UniqueIdentifier>
    </Filter>
    <Filter Include="Header Files\Platform">
      <UniqueIdentifier>{7f72a8f7-666c-4dc2-af1f-b75d72ddc3f6}</UniqueIdentifier>
    </Filter>
    <Filter Include="Header Files\Renderer">
      <UniqueIdentifier>{337115d9-1280-465c-b67e-f4af8c865971}</UniqueIdentifier>
    </Filter>
    <Filter Include="Header Files\Renderer\Utilities">
      <UniqueIdentifier>{9849fb4c-8a8e-42c4-bfce-624c659bbccb}</UniqueIdentifier>
    </Filter>
    <Filter Include="Header Files\Logic">
      <UniqueIdentifier>{8fb06269-c8ff-4b23-a591-296455350d7c}</UniqueIdentifier>
    </Filter>
    <Filter Include="Source Files\Logic">
      <UniqueIdentifier>{960ef772-d0f1-49bf-b1da-24bc06f1bbf5}</UniqueIdentifier>
    </Filter>
    <Filter Include="Header Files\Renderer\PC">
      <UniqueIdentifier>{48a2f6f2-d55e-4346-b70f-9d15fc2a157f}</UniqueIdentifier>
    </Filter>
    <Filter Include="Header Files\Platform\PC">
      <UniqueIdentifier>{7f5f29a9-4a14-4f07-b1b9-946c5eb3fffd}</UniqueIdentifier>
    </Filter>
    <Filter Include="Source Files\Platform\PC">
      <UniqueIdentifier>{93ccecfe-0716-490b-b8f0-3a3bf2b142f4}</UniqueIdentifier>
    </Filter>
    <Filter Include="Source Files\Renderer\PC">
      <UniqueIdentifier>{b70d67dd-ca5f-4d36-a0b8-0f1dd9d3a5cd}</UniqueIdentifier>
    </Filter>
    <Filter Include="Header Files\Utilities">
      <UniqueIdentifier>{a2c4fd3b-c113-4944-989f-1c61591cbe36}</UniqueIdentifier>
    </Filter>
  </ItemGroup>
  <ItemGroup>
    <ClCompile Include="..\Src\Main.cpp">
      <Filter>Source Files</Filter>
    </ClCompile>
    <ClCompile Include="..\Src\Platform\PC\PlatformPC.cpp">
      <Filter>Source Files\Platform\PC</Filter>
    </ClCompile>
    <ClCompile Include="..\Src\Renderer\PC\RendererPC.cpp">
      <Filter>Source Files\Renderer\PC</Filter>
    </ClCompile>
    <ClCompile Include="..\Src\Logic\Waves.cpp">
      <Filter>Source Files\Logic</Filter>
    </ClCompile>
    <ClCompile Include="..\Src\Renderer\RendererThread.cpp">
      <Filter>Source Files\Renderer</Filter>
    </ClCompile>
    <ClCompile Include="..\Src\Renderer\Image.cpp">
      <Filter>Source Files\Renderer</Filter>
    </ClCompile>
  </ItemGroup>
  <ItemGroup>
    <ClInclude Include="..\Src\Renderer\Renderer.h">
      <Filter>Header Files\Renderer</Filter>
    </ClInclude>
    <ClInclude Include="..\Src\Platform\Platform.h">
      <Filter>Header Files\Platform</Filter>
    </ClInclude>
    <ClInclude Include="..\Src\Renderer\Utilities\Color.h">
      <Filter>Header Files\Renderer\Utilities</Filter>
    </ClInclude>
    <ClInclude Include="..\Src\Renderer\PC\RendererPC.h">
      <Filter>Header Files\Renderer\PC</Filter>
    </ClInclude>
    <ClInclude Include="..\Src\Platform\PC\PlatformPC.h">
      <Filter>Header Files\Platform\PC</Filter>
    </ClInclude>
    <ClInclude Include="..\Src\Logic\Waves.h">
      <Filter>Header Files\Logic</Filter>
    </ClInclude>
    <ClInclude Include="..\Src\Renderer\RendererThread.h">
      <Filter>Header Files\Renderer</Filter>
    </ClInclude>
    <ClInclude Include="..\Src\Utilities\ConcurrentQueue.h">
      <Filter>Header Files\Utilities</Filter>
    </ClInclude>
    <ClInclude Include="..\Src\Renderer\Image.h">
      <Filter>Header Files\Renderer</Filter>
    </ClInclude>
  </ItemGroup>
</Project>